
Microsoft Visual Studio Solution File, Format Version 12.00
# Visual Studio Version 17
VisualStudioVersion = 17.3.32929.385
MinimumVisualStudioVersion = 10.0.40219.1
Project("{9A19103F-16F7-4668-BE54-9A1E7A4F7556}") = "ServicesDeskUCABWS", "ServicesDeskUCABWS.csproj", "{E844259A-1F94-4B1E-B152-5B60C7B1F886}"
EndProject
Project("{FAE04EC0-301F-11D3-BF4B-00C04F79EFBC}") = "UnitTest_GrupoG", "..\UnitTest_GrupoG\UnitTest_GrupoG.csproj", "{04C899A5-B26D-4456-9CD7-96BDA2493FB7}"
EndProject
Global
	GlobalSection(SolutionConfigurationPlatforms) = preSolution
		Debug|Any CPU = Debug|Any CPU
		Release|Any CPU = Release|Any CPU
	EndGlobalSection
	GlobalSection(ProjectConfigurationPlatforms) = postSolution
		{E844259A-1F94-4B1E-B152-5B60C7B1F886}.Debug|Any CPU.ActiveCfg = Debug|Any CPU
		{E844259A-1F94-4B1E-B152-5B60C7B1F886}.Debug|Any CPU.Build.0 = Debug|Any CPU
		{E844259A-1F94-4B1E-B152-5B60C7B1F886}.Release|Any CPU.ActiveCfg = Release|Any CPU
		{E844259A-1F94-4B1E-B152-5B60C7B1F886}.Release|Any CPU.Build.0 = Release|Any CPU
		{04C899A5-B26D-4456-9CD7-96BDA2493FB7}.Debug|Any CPU.ActiveCfg = Debug|Any CPU
		{04C899A5-B26D-4456-9CD7-96BDA2493FB7}.Debug|Any CPU.Build.0 = Debug|Any CPU
		{04C899A5-B26D-4456-9CD7-96BDA2493FB7}.Release|Any CPU.ActiveCfg = Release|Any CPU
		{04C899A5-B26D-4456-9CD7-96BDA2493FB7}.Release|Any CPU.Build.0 = Release|Any CPU
	EndGlobalSection
	GlobalSection(SolutionProperties) = preSolution
		HideSolutionNode = FALSE
	EndGlobalSection
	GlobalSection(ExtensibilityGlobals) = postSolution
		SolutionGuid = {936427EB-25BA-4E79-A9C8-548B815D4CEC}
	EndGlobalSection
EndGlobal
