
Microsoft Visual Studio Solution File, Format Version 12.00
# Visual Studio Version 17
VisualStudioVersion = 17.3.32929.385
MinimumVisualStudioVersion = 10.0.40219.1
Project("{9A19103F-16F7-4668-BE54-9A1E7A4F7556}") = "ServicesDeskUCAB", "ServicesDeskUCAB.csproj", "{C3541892-CFB0-4EB9-B4F5-40A141B91936}"
EndProject
Global
	GlobalSection(SolutionConfigurationPlatforms) = preSolution
		Debug|Any CPU = Debug|Any CPU
		Release|Any CPU = Release|Any CPU
	EndGlobalSection
	GlobalSection(ProjectConfigurationPlatforms) = postSolution
		{C3541892-CFB0-4EB9-B4F5-40A141B91936}.Debug|Any CPU.ActiveCfg = Debug|Any CPU
		{C3541892-CFB0-4EB9-B4F5-40A141B91936}.Debug|Any CPU.Build.0 = Debug|Any CPU
		{C3541892-CFB0-4EB9-B4F5-40A141B91936}.Release|Any CPU.ActiveCfg = Release|Any CPU
		{C3541892-CFB0-4EB9-B4F5-40A141B91936}.Release|Any CPU.Build.0 = Release|Any CPU
	EndGlobalSection
	GlobalSection(SolutionProperties) = preSolution
		HideSolutionNode = FALSE
	EndGlobalSection
	GlobalSection(ExtensibilityGlobals) = postSolution
		SolutionGuid = {5984374A-C8CD-42C0-9816-51CB0A96C682}
	EndGlobalSection
EndGlobal
